
Microsoft Visual Studio Solution File, Format Version 12.00
# Visual Studio Version 17
VisualStudioVersion = 17.13.35825.156 d17.13
MinimumVisualStudioVersion = 10.0.40219.1
Project("{FAE04EC0-301F-11D3-BF4B-00C04F79EFBC}") = "ServerManagement", "ServerManagement.csproj", "{ADCBB3CB-86DF-404B-B6BD-69FE35B5186C}"
EndProject
Global
	GlobalSection(SolutionConfigurationPlatforms) = preSolution
		Debug|Any CPU = Debug|Any CPU
		Release|Any CPU = Release|Any CPU
	EndGlobalSection
	GlobalSection(ProjectConfigurationPlatforms) = postSolution
		{ADCBB3CB-86DF-404B-B6BD-69FE35B5186C}.Debug|Any CPU.ActiveCfg = Debug|Any CPU
		{ADCBB3CB-86DF-404B-B6BD-69FE35B5186C}.Debug|Any CPU.Build.0 = Debug|Any CPU
		{ADCBB3CB-86DF-404B-B6BD-69FE35B5186C}.Release|Any CPU.ActiveCfg = Release|Any CPU
		{ADCBB3CB-86DF-404B-B6BD-69FE35B5186C}.Release|Any CPU.Build.0 = Release|Any CPU
	EndGlobalSection
	GlobalSection(SolutionProperties) = preSolution
		HideSolutionNode = FALSE
	EndGlobalSection
	GlobalSection(ExtensibilityGlobals) = postSolution
		SolutionGuid = {190FB383-014C-4872-89C7-0FEE2DB5F16C}
	EndGlobalSection
EndGlobal
